// !$*UTF8*$!
{
	archiveVersion = 1;
	classes = {
	};
	objectVersion = 55;
	objects = {

/* Begin PBXBuildFile section */
		994F4B5028D16EDF0092CBA1 /* AppDelegate.swift in Sources */ = {isa = PBXBuildFile; fileRef = 994F4B4F28D16EDF0092CBA1 /* AppDelegate.swift */; };
		994F4B5228D16EDF0092CBA1 /* SceneDelegate.swift in Sources */ = {isa = PBXBuildFile; fileRef = 994F4B5128D16EDF0092CBA1 /* SceneDelegate.swift */; };
		994F4B5428D16EDF0092CBA1 /* ViewController.swift in Sources */ = {isa = PBXBuildFile; fileRef = 994F4B5328D16EDF0092CBA1 /* ViewController.swift */; };
		994F4B5728D16EDF0092CBA1 /* Main.storyboard in Resources */ = {isa = PBXBuildFile; fileRef = 994F4B5528D16EDF0092CBA1 /* Main.storyboard */; };
		994F4B5928D16EE00092CBA1 /* Assets.xcassets in Resources */ = {isa = PBXBuildFile; fileRef = 994F4B5828D16EE00092CBA1 /* Assets.xcassets */; };
		994F4B5C28D16EE00092CBA1 /* LaunchScreen.storyboard in Resources */ = {isa = PBXBuildFile; fileRef = 994F4B5A28D16EE00092CBA1 /* LaunchScreen.storyboard */; };
		994F4B6728D16EE00092CBA1 /* FlashcardsTests.swift in Sources */ = {isa = PBXBuildFile; fileRef = 994F4B6628D16EE00092CBA1 /* FlashcardsTests.swift */; };
		994F4B7128D16EE00092CBA1 /* FlashcardsUITests.swift in Sources */ = {isa = PBXBuildFile; fileRef = 994F4B7028D16EE00092CBA1 /* FlashcardsUITests.swift */; };
		99664C8128EBDF16003BF1EC /* CreationViewController.swift in Sources */ = {isa = PBXBuildFile; fileRef = 99664C8028EBDF16003BF1EC /* CreationViewController.swift */; };
/* End PBXBuildFile section */

/* Begin PBXContainerItemProxy section */
		994F4B6328D16EE00092CBA1 /* PBXContainerItemProxy */ = {
			isa = PBXContainerItemProxy;
			containerPortal = 994F4B4428D16EDF0092CBA1 /* Project object */;
			proxyType = 1;
			remoteGlobalIDString = 994F4B4B28D16EDF0092CBA1;
			remoteInfo = Flashcards;
		};
		994F4B6D28D16EE00092CBA1 /* PBXContainerItemProxy */ = {
			isa = PBXContainerItemProxy;
			containerPortal = 994F4B4428D16EDF0092CBA1 /* Project object */;
			proxyType = 1;
			remoteGlobalIDString = 994F4B4B28D16EDF0092CBA1;
			remoteInfo = Flashcards;
		};
/* End PBXContainerItemProxy section */

/* Begin PBXFileReference section */
		994F4B4C28D16EDF0092CBA1 /* Flashcards.app */ = {isa = PBXFileReference; explicitFileType = wrapper.application; includeInIndex = 0; path = Flashcards.app; sourceTree = BUILT_PRODUCTS_DIR; };
		994F4B4F28D16EDF0092CBA1 /* AppDelegate.swift */ = {isa = PBXFileReference; lastKnownFileType = sourcecode.swift; path = AppDelegate.swift; sourceTree = "<group>"; };
		994F4B5128D16EDF0092CBA1 /* SceneDelegate.swift */ = {isa = PBXFileReference; lastKnownFileType = sourcecode.swift; path = SceneDelegate.swift; sourceTree = "<group>"; };
		994F4B5328D16EDF0092CBA1 /* ViewController.swift */ = {isa = PBXFileReference; lastKnownFileType = sourcecode.swift; path = ViewController.swift; sourceTree = "<group>"; };
		994F4B5628D16EDF0092CBA1 /* Base */ = {isa = PBXFileReference; lastKnownFileType = file.storyboard; name = Base; path = Base.lproj/Main.storyboard; sourceTree = "<group>"; };
		994F4B5828D16EE00092CBA1 /* Assets.xcassets */ = {isa = PBXFileReference; lastKnownFileType = folder.assetcatalog; path = Assets.xcassets; sourceTree = "<group>"; };
		994F4B5B28D16EE00092CBA1 /* Base */ = {isa = PBXFileReference; lastKnownFileType = file.storyboard; name = Base; path = Base.lproj/LaunchScreen.storyboard; sourceTree = "<group>"; };
		994F4B5D28D16EE00092CBA1 /* Info.plist */ = {isa = PBXFileReference; lastKnownFileType = text.plist.xml; path = Info.plist; sourceTree = "<group>"; };
		994F4B6228D16EE00092CBA1 /* FlashcardsTests.xctest */ = {isa = PBXFileReference; explicitFileType = wrapper.cfbundle; includeInIndex = 0; path = FlashcardsTests.xctest; sourceTree = BUILT_PRODUCTS_DIR; };
		994F4B6628D16EE00092CBA1 /* FlashcardsTests.swift */ = {isa = PBXFileReference; lastKnownFileType = sourcecode.swift; path = FlashcardsTests.swift; sourceTree = "<group>"; };
		994F4B6C28D16EE00092CBA1 /* FlashcardsUITests.xctest */ = {isa = PBXFileReference; explicitFileType = wrapper.cfbundle; includeInIndex = 0; path = FlashcardsUITests.xctest; sourceTree = BUILT_PRODUCTS_DIR; };
		994F4B7028D16EE00092CBA1 /* FlashcardsUITests.swift */ = {isa = PBXFileReference; lastKnownFileType = sourcecode.swift; path = FlashcardsUITests.swift; sourceTree = "<group>"; };
		99664C8028EBDF16003BF1EC /* CreationViewController.swift */ = {isa = PBXFileReference; lastKnownFileType = sourcecode.swift; path = CreationViewController.swift; sourceTree = "<group>"; };
/* End PBXFileReference section */

/* Begin PBXFrameworksBuildPhase section */
		994F4B4928D16EDF0092CBA1 /* Frameworks */ = {
			isa = PBXFrameworksBuildPhase;
			buildActionMask = 2147483647;
			files = (
			);
			runOnlyForDeploymentPostprocessing = 0;
		};
		994F4B5F28D16EE00092CBA1 /* Frameworks */ = {
			isa = PBXFrameworksBuildPhase;
			buildActionMask = 2147483647;
			files = (
			);
			runOnlyForDeploymentPostprocessing = 0;
		};
		994F4B6928D16EE00092CBA1 /* Frameworks */ = {
			isa = PBXFrameworksBuildPhase;
			buildActionMask = 2147483647;
			files = (
			);
			runOnlyForDeploymentPostprocessing = 0;
		};
/* End PBXFrameworksBuildPhase section */

/* Begin PBXGroup section */
		994F4B4328D16EDF0092CBA1 = {
			isa = PBXGroup;
			children = (
				99664C8028EBDF16003BF1EC /* CreationViewController.swift */,
				994F4B4E28D16EDF0092CBA1 /* Flashcards */,
				994F4B6528D16EE00092CBA1 /* FlashcardsTests */,
				994F4B6F28D16EE00092CBA1 /* FlashcardsUITests */,
				994F4B4D28D16EDF0092CBA1 /* Products */,
			);
			sourceTree = "<group>";
		};
		994F4B4D28D16EDF0092CBA1 /* Products */ = {
			isa = PBXGroup;
			children = (
				994F4B4C28D16EDF0092CBA1 /* Flashcards.app */,
				994F4B6228D16EE00092CBA1 /* FlashcardsTests.xctest */,
				994F4B6C28D16EE00092CBA1 /* FlashcardsUITests.xctest */,
			);
			name = Products;
			sourceTree = "<group>";
		};
		994F4B4E28D16EDF0092CBA1 /* Flashcards */ = {
			isa = PBXGroup;
			children = (
				994F4B4F28D16EDF0092CBA1 /* AppDelegate.swift */,
				994F4B5128D16EDF0092CBA1 /* SceneDelegate.swift */,
				994F4B5328D16EDF0092CBA1 /* ViewController.swift */,
				994F4B5528D16EDF0092CBA1 /* Main.storyboard */,
				994F4B5828D16EE00092CBA1 /* Assets.xcassets */,
				994F4B5A28D16EE00092CBA1 /* LaunchScreen.storyboard */,
				994F4B5D28D16EE00092CBA1 /* Info.plist */,
			);
			path = Flashcards;
			sourceTree = "<group>";
		};
		994F4B6528D16EE00092CBA1 /* FlashcardsTests */ = {
			isa = PBXGroup;
			children = (
				994F4B6628D16EE00092CBA1 /* FlashcardsTests.swift */,
			);
			path = FlashcardsTests;
			sourceTree = "<group>";
		};
		994F4B6F28D16EE00092CBA1 /* FlashcardsUITests */ = {
			isa = PBXGroup;
			children = (
				994F4B7028D16EE00092CBA1 /* FlashcardsUITests.swift */,
			);
			path = FlashcardsUITests;
			sourceTree = "<group>";
		};
/* End PBXGroup section */

/* Begin PBXNativeTarget section */
		994F4B4B28D16EDF0092CBA1 /* Flashcards */ = {
			isa = PBXNativeTarget;
			buildConfigurationList = 994F4B7428D16EE00092CBA1 /* Build configuration list for PBXNativeTarget "Flashcards" */;
			buildPhases = (
				994F4B4828D16EDF0092CBA1 /* Sources */,
				994F4B4928D16EDF0092CBA1 /* Frameworks */,
				994F4B4A28D16EDF0092CBA1 /* Resources */,
			);
			buildRules = (
			);
			dependencies = (
			);
			name = Flashcards;
			productName = Flashcards;
			productReference = 994F4B4C28D16EDF0092CBA1 /* Flashcards.app */;
			productType = "com.apple.product-type.application";
		};
		994F4B6128D16EE00092CBA1 /* FlashcardsTests */ = {
			isa = PBXNativeTarget;
			buildConfigurationList = 994F4B7728D16EE00092CBA1 /* Build configuration list for PBXNativeTarget "FlashcardsTests" */;
			buildPhases = (
				994F4B5E28D16EE00092CBA1 /* Sources */,
				994F4B5F28D16EE00092CBA1 /* Frameworks */,
				994F4B6028D16EE00092CBA1 /* Resources */,
			);
			buildRules = (
			);
			dependencies = (
				994F4B6428D16EE00092CBA1 /* PBXTargetDependency */,
			);
			name = FlashcardsTests;
			productName = FlashcardsTests;
			productReference = 994F4B6228D16EE00092CBA1 /* FlashcardsTests.xctest */;
			productType = "com.apple.product-type.bundle.unit-test";
		};
		994F4B6B28D16EE00092CBA1 /* FlashcardsUITests */ = {
			isa = PBXNativeTarget;
			buildConfigurationList = 994F4B7A28D16EE00092CBA1 /* Build configuration list for PBXNativeTarget "FlashcardsUITests" */;
			buildPhases = (
				994F4B6828D16EE00092CBA1 /* Sources */,
				994F4B6928D16EE00092CBA1 /* Frameworks */,
				994F4B6A28D16EE00092CBA1 /* Resources */,
			);
			buildRules = (
			);
			dependencies = (
				994F4B6E28D16EE00092CBA1 /* PBXTargetDependency */,
			);
			name = FlashcardsUITests;
			productName = FlashcardsUITests;
			productReference = 994F4B6C28D16EE00092CBA1 /* FlashcardsUITests.xctest */;
			productType = "com.apple.product-type.bundle.ui-testing";
		};
/* End PBXNativeTarget section */

/* Begin PBXProject section */
		994F4B4428D16EDF0092CBA1 /* Project object */ = {
			isa = PBXProject;
			attributes = {
				BuildIndependentTargetsInParallel = 1;
				LastSwiftUpdateCheck = 1300;
				LastUpgradeCheck = 1300;
				TargetAttributes = {
					994F4B4B28D16EDF0092CBA1 = {
						CreatedOnToolsVersion = 13.0;
					};
					994F4B6128D16EE00092CBA1 = {
						CreatedOnToolsVersion = 13.0;
						TestTargetID = 994F4B4B28D16EDF0092CBA1;
					};
					994F4B6B28D16EE00092CBA1 = {
						CreatedOnToolsVersion = 13.0;
						TestTargetID = 994F4B4B28D16EDF0092CBA1;
					};
				};
			};
			buildConfigurationList = 994F4B4728D16EDF0092CBA1 /* Build configuration list for PBXProject "Flashcards" */;
			compatibilityVersion = "Xcode 13.0";
			developmentRegion = en;
			hasScannedForEncodings = 0;
			knownRegions = (
				en,
				Base,
			);
			mainGroup = 994F4B4328D16EDF0092CBA1;
			productRefGroup = 994F4B4D28D16EDF0092CBA1 /* Products */;
			projectDirPath = "";
			projectRoot = "";
			targets = (
				994F4B4B28D16EDF0092CBA1 /* Flashcards */,
				994F4B6128D16EE00092CBA1 /* FlashcardsTests */,
				994F4B6B28D16EE00092CBA1 /* FlashcardsUITests */,
			);
		};
/* End PBXProject section */

/* Begin PBXResourcesBuildPhase section */
		994F4B4A28D16EDF0092CBA1 /* Resources */ = {
			isa = PBXResourcesBuildPhase;
			buildActionMask = 2147483647;
			files = (
				994F4B5C28D16EE00092CBA1 /* LaunchScreen.storyboard in Resources */,
				994F4B5928D16EE00092CBA1 /* Assets.xcassets in Resources */,
				994F4B5728D16EDF0092CBA1 /* Main.storyboard in Resources */,
			);
			runOnlyForDeploymentPostprocessing = 0;
		};
		994F4B6028D16EE00092CBA1 /* Resources */ = {
			isa = PBXResourcesBuildPhase;
			buildActionMask = 2147483647;
			files = (
			);
			runOnlyForDeploymentPostprocessing = 0;
		};
		994F4B6A28D16EE00092CBA1 /* Resources */ = {
			isa = PBXResourcesBuildPhase;
			buildActionMask = 2147483647;
			files = (
			);
			runOnlyForDeploymentPostprocessing = 0;
		};
/* End PBXResourcesBuildPhase section */

/* Begin PBXSourcesBuildPhase section */
		994F4B4828D16EDF0092CBA1 /* Sources */ = {
			isa = PBXSourcesBuildPhase;
			buildActionMask = 2147483647;
			files = (
				994F4B5428D16EDF0092CBA1 /* ViewController.swift in Sources */,
				994F4B5028D16EDF0092CBA1 /* AppDelegate.swift in Sources */,
				994F4B5228D16EDF0092CBA1 /* SceneDelegate.swift in Sources */,
				99664C8128EBDF16003BF1EC /* CreationViewController.swift in Sources */,
			);
			runOnlyForDeploymentPostprocessing = 0;
		};
		994F4B5E28D16EE00092CBA1 /* Sources */ = {
			isa = PBXSourcesBuildPhase;
			buildActionMask = 2147483647;
			files = (
				994F4B6728D16EE00092CBA1 /* FlashcardsTests.swift in Sources */,
			);
			runOnlyForDeploymentPostprocessing = 0;
		};
		994F4B6828D16EE00092CBA1 /* Sources */ = {
			isa = PBXSourcesBuildPhase;
			buildActionMask = 2147483647;
			files = (
				994F4B7128D16EE00092CBA1 /* FlashcardsUITests.swift in Sources */,
			);
			runOnlyForDeploymentPostprocessing = 0;
		};
/* End PBXSourcesBuildPhase section */

/* Begin PBXTargetDependency section */
		994F4B6428D16EE00092CBA1 /* PBXTargetDependency */ = {
			isa = PBXTargetDependency;
			target = 994F4B4B28D16EDF0092CBA1 /* Flashcards */;
			targetProxy = 994F4B6328D16EE00092CBA1 /* PBXContainerItemProxy */;
		};
		994F4B6E28D16EE00092CBA1 /* PBXTargetDependency */ = {
			isa = PBXTargetDependency;
			target = 994F4B4B28D16EDF0092CBA1 /* Flashcards */;
			targetProxy = 994F4B6D28D16EE00092CBA1 /* PBXContainerItemProxy */;
		};
/* End PBXTargetDependency section */

/* Begin PBXVariantGroup section */
		994F4B5528D16EDF0092CBA1 /* Main.storyboard */ = {
			isa = PBXVariantGroup;
			children = (
				994F4B5628D16EDF0092CBA1 /* Base */,
			);
			name = Main.storyboard;
			sourceTree = "<group>";
		};
		994F4B5A28D16EE00092CBA1 /* LaunchScreen.storyboard */ = {
			isa = PBXVariantGroup;
			children = (
				994F4B5B28D16EE00092CBA1 /* Base */,
			);
			name = LaunchScreen.storyboard;
			sourceTree = "<group>";
		};
/* End PBXVariantGroup section */

/* Begin XCBuildConfiguration section */
		994F4B7228D16EE00092CBA1 /* Debug */ = {
			isa = XCBuildConfiguration;
			buildSettings = {
				ALWAYS_SEARCH_USER_PATHS = NO;
				CLANG_ANALYZER_NONNULL = YES;
				CLANG_ANALYZER_NUMBER_OBJECT_CONVERSION = YES_AGGRESSIVE;
				CLANG_CXX_LANGUAGE_STANDARD = "gnu++14";
				CLANG_CXX_LIBRARY = "libc++";
				CLANG_ENABLE_MODULES = YES;
				CLANG_ENABLE_OBJC_ARC = YES;
				CLANG_ENABLE_OBJC_WEAK = YES;
				CLANG_WARN_BLOCK_CAPTURE_AUTORELEASING = YES;
				CLANG_WARN_BOOL_CONVERSION = YES;
				CLANG_WARN_COMMA = YES;
				CLANG_WARN_CONSTANT_CONVERSION = YES;
				CLANG_WARN_DEPRECATED_OBJC_IMPLEMENTATIONS = YES;
				CLANG_WARN_DIRECT_OBJC_ISA_USAGE = YES_ERROR;
				CLANG_WARN_DOCUMENTATION_COMMENTS = YES;
				CLANG_WARN_EMPTY_BODY = YES;
				CLANG_WARN_ENUM_CONVERSION = YES;
				CLANG_WARN_INFINITE_RECURSION = YES;
				CLANG_WARN_INT_CONVERSION = YES;
				CLANG_WARN_NON_LITERAL_NULL_CONVERSION = YES;
				CLANG_WARN_OBJC_IMPLICIT_RETAIN_SELF = YES;
				CLANG_WARN_OBJC_LITERAL_CONVERSION = YES;
				CLANG_WARN_OBJC_ROOT_CLASS = YES_ERROR;
				CLANG_WARN_QUOTED_INCLUDE_IN_FRAMEWORK_HEADER = YES;
				CLANG_WARN_RANGE_LOOP_ANALYSIS = YES;
				CLANG_WARN_STRICT_PROTOTYPES = YES;
				CLANG_WARN_SUSPICIOUS_MOVE = YES;
				CLANG_WARN_UNGUARDED_AVAILABILITY = YES_AGGRESSIVE;
				CLANG_WARN_UNREACHABLE_CODE = YES;
				CLANG_WARN__DUPLICATE_METHOD_MATCH = YES;
				COPY_PHASE_STRIP = NO;
				DEBUG_INFORMATION_FORMAT = dwarf;
				ENABLE_STRICT_OBJC_MSGSEND = YES;
				ENABLE_TESTABILITY = YES;
				GCC_C_LANGUAGE_STANDARD = gnu11;
				GCC_DYNAMIC_NO_PIC = NO;
				GCC_NO_COMMON_BLOCKS = YES;
				GCC_OPTIMIZATION_LEVEL = 0;
				GCC_PREPROCESSOR_DEFINITIONS = (
					"DEBUG=1",
					"$(inherited)",
				);
				GCC_WARN_64_TO_32_BIT_CONVERSION = YES;
				GCC_WARN_ABOUT_RETURN_TYPE = YES_ERROR;
				GCC_WARN_UNDECLARED_SELECTOR = YES;
				GCC_WARN_UNINITIALIZED_AUTOS = YES_AGGRESSIVE;
				GCC_WARN_UNUSED_FUNCTION = YES;
				GCC_WARN_UNUSED_VARIABLE = YES;
				IPHONEOS_DEPLOYMENT_TARGET = 15.0;
				MTL_ENABLE_DEBUG_INFO = INCLUDE_SOURCE;
				MTL_FAST_MATH = YES;
				ONLY_ACTIVE_ARCH = YES;
				SDKROOT = iphoneos;
				SWIFT_ACTIVE_COMPILATION_CONDITIONS = DEBUG;
				SWIFT_OPTIMIZATION_LEVEL = "-Onone";
			};
			name = Debug;
		};
		994F4B7328D16EE00092CBA1 /* Release */ = {
			isa = XCBuildConfiguration;
			buildSettings = {
				ALWAYS_SEARCH_USER_PATHS = NO;
				CLANG_ANALYZER_NONNULL = YES;
				CLANG_ANALYZER_NUMBER_OBJECT_CONVERSION = YES_AGGRESSIVE;
				CLANG_CXX_LANGUAGE_STANDARD = "gnu++14";
				CLANG_CXX_LIBRARY = "libc++";
				CLANG_ENABLE_MODULES = YES;
				CLANG_ENABLE_OBJC_ARC = YES;
				CLANG_ENABLE_OBJC_WEAK = YES;
				CLANG_WARN_BLOCK_CAPTURE_AUTORELEASING = YES;
				CLANG_WARN_BOOL_CONVERSION = YES;
				CLANG_WARN_COMMA = YES;
				CLANG_WARN_CONSTANT_CONVERSION = YES;
				CLANG_WARN_DEPRECATED_OBJC_IMPLEMENTATIONS = YES;
				CLANG_WARN_DIRECT_OBJC_ISA_USAGE = YES_ERROR;
				CLANG_WARN_DOCUMENTATION_COMMENTS = YES;
				CLANG_WARN_EMPTY_BODY = YES;
				CLANG_WARN_ENUM_CONVERSION = YES;
				CLANG_WARN_INFINITE_RECURSION = YES;
				CLANG_WARN_INT_CONVERSION = YES;
				CLANG_WARN_NON_LITERAL_NULL_CONVERSION = YES;
				CLANG_WARN_OBJC_IMPLICIT_RETAIN_SELF = YES;
				CLANG_WARN_OBJC_LITERAL_CONVERSION = YES;
				CLANG_WARN_OBJC_ROOT_CLASS = YES_ERROR;
				CLANG_WARN_QUOTED_INCLUDE_IN_FRAMEWORK_HEADER = YES;
				CLANG_WARN_RANGE_LOOP_ANALYSIS = YES;
				CLANG_WARN_STRICT_PROTOTYPES = YES;
				CLANG_WARN_SUSPICIOUS_MOVE = YES;
				CLANG_WARN_UNGUARDED_AVAILABILITY = YES_AGGRESSIVE;
				CLANG_WARN_UNREACHABLE_CODE = YES;
				CLANG_WARN__DUPLICATE_METHOD_MATCH = YES;
				COPY_PHASE_STRIP = NO;
				DEBUG_INFORMATION_FORMAT = "dwarf-with-dsym";
				ENABLE_NS_ASSERTIONS = NO;
				ENABLE_STRICT_OBJC_MSGSEND = YES;
				GCC_C_LANGUAGE_STANDARD = gnu11;
				GCC_NO_COMMON_BLOCKS = YES;
				GCC_WARN_64_TO_32_BIT_CONVERSION = YES;
				GCC_WARN_ABOUT_RETURN_TYPE = YES_ERROR;
				GCC_WARN_UNDECLARED_SELECTOR = YES;
				GCC_WARN_UNINITIALIZED_AUTOS = YES_AGGRESSIVE;
				GCC_WARN_UNUSED_FUNCTION = YES;
				GCC_WARN_UNUSED_VARIABLE = YES;
				IPHONEOS_DEPLOYMENT_TARGET = 15.0;
				MTL_ENABLE_DEBUG_INFO = NO;
				MTL_FAST_MATH = YES;
				SDKROOT = iphoneos;
				SWIFT_COMPILATION_MODE = wholemodule;
				SWIFT_OPTIMIZATION_LEVEL = "-O";
				VALIDATE_PRODUCT = YES;
			};
			name = Release;
		};
		994F4B7528D16EE00092CBA1 /* Debug */ = {
			isa = XCBuildConfiguration;
			buildSettings = {
				ASSETCATALOG_COMPILER_APPICON_NAME = AppIcon;
				ASSETCATALOG_COMPILER_GLOBAL_ACCENT_COLOR_NAME = AccentColor;
				CODE_SIGN_STYLE = Automatic;
				CURRENT_PROJECT_VERSION = 1;
				GENERATE_INFOPLIST_FILE = YES;
				INFOPLIST_FILE = Flashcards/Info.plist;
				INFOPLIST_KEY_UIApplicationSupportsIndirectInputEvents = YES;
				INFOPLIST_KEY_UILaunchStoryboardName = LaunchScreen;
				INFOPLIST_KEY_UIMainStoryboardFile = Main;
				INFOPLIST_KEY_UISupportedInterfaceOrientations_iPad = "UIInterfaceOrientationPortrait UIInterfaceOrientationPortraitUpsideDown UIInterfaceOrientationLandscapeLeft UIInterfaceOrientationLandscapeRight";
				INFOPLIST_KEY_UISupportedInterfaceOrientations_iPhone = "UIInterfaceOrientationPortrait UIInterfaceOrientationLandscapeLeft UIInterfaceOrientationLandscapeRight";
				LD_RUNPATH_SEARCH_PATHS = (
					"$(inherited)",
					"@executable_path/Frameworks",
				);
				MARKETING_VERSION = 1.0;
				PRODUCT_BUNDLE_IDENTIFIER = memo.com.Flashcards;
				PRODUCT_NAME = "$(TARGET_NAME)";
				SWIFT_EMIT_LOC_STRINGS = YES;
				SWIFT_VERSION = 5.0;
				TARGETED_DEVICE_FAMILY = "1,2";
			};
			name = Debug;
		};
		994F4B7628D16EE00092CBA1 /* Release */ = {
			isa = XCBuildConfiguration;
			buildSettings = {
				ASSETCATALOG_COMPILER_APPICON_NAME = AppIcon;
				ASSETCATALOG_COMPILER_GLOBAL_ACCENT_COLOR_NAME = AccentColor;
				CODE_SIGN_STYLE = Automatic;
				CURRENT_PROJECT_VERSION = 1;
				GENERATE_INFOPLIST_FILE = YES;
				INFOPLIST_FILE = Flashcards/Info.plist;
				INFOPLIST_KEY_UIApplicationSupportsIndirectInputEvents = YES;
				INFOPLIST_KEY_UILaunchStoryboardName = LaunchScreen;
				INFOPLIST_KEY_UIMainStoryboardFile = Main;
				INFOPLIST_KEY_UISupportedInterfaceOrientations_iPad = "UIInterfaceOrientationPortrait UIInterfaceOrientationPortraitUpsideDown UIInterfaceOrientationLandscapeLeft UIInterfaceOrientationLandscapeRight";
				INFOPLIST_KEY_UISupportedInterfaceOrientations_iPhone = "UIInterfaceOrientationPortrait UIInterfaceOrientationLandscapeLeft UIInterfaceOrientationLandscapeRight";
				LD_RUNPATH_SEARCH_PATHS = (
					"$(inherited)",
					"@executable_path/Frameworks",
				);
				MARKETING_VERSION = 1.0;
				PRODUCT_BUNDLE_IDENTIFIER = memo.com.Flashcards;
				PRODUCT_NAME = "$(TARGET_NAME)";
				SWIFT_EMIT_LOC_STRINGS = YES;
				SWIFT_VERSION = 5.0;
				TARGETED_DEVICE_FAMILY = "1,2";
			};
			name = Release;
		};
		994F4B7828D16EE00092CBA1 /* Debug */ = {
			isa = XCBuildConfiguration;
			buildSettings = {
				ALWAYS_EMBED_SWIFT_STANDARD_LIBRARIES = YES;
				BUNDLE_LOADER = "$(TEST_HOST)";
				CODE_SIGN_STYLE = Automatic;
				CURRENT_PROJECT_VERSION = 1;
				GENERATE_INFOPLIST_FILE = YES;
				IPHONEOS_DEPLOYMENT_TARGET = 15.0;
				LD_RUNPATH_SEARCH_PATHS = (
					"$(inherited)",
					"@executable_path/Frameworks",
					"@loader_path/Frameworks",
				);
				MARKETING_VERSION = 1.0;
				PRODUCT_BUNDLE_IDENTIFIER = memo.com.FlashcardsTests;
				PRODUCT_NAME = "$(TARGET_NAME)";
				SWIFT_EMIT_LOC_STRINGS = NO;
				SWIFT_VERSION = 5.0;
				TARGETED_DEVICE_FAMILY = "1,2";
				TEST_HOST = "$(BUILT_PRODUCTS_DIR)/Flashcards.app/Flashcards";
			};
			name = Debug;
		};
		994F4B7928D16EE00092CBA1 /* Release */ = {
			isa = XCBuildConfiguration;
			buildSettings = {
				ALWAYS_EMBED_SWIFT_STANDARD_LIBRARIES = YES;
				BUNDLE_LOADER = "$(TEST_HOST)";
				CODE_SIGN_STYLE = Automatic;
				CURRENT_PROJECT_VERSION = 1;
				GENERATE_INFOPLIST_FILE = YES;
				IPHONEOS_DEPLOYMENT_TARGET = 15.0;
				LD_RUNPATH_SEARCH_PATHS = (
					"$(inherited)",
					"@executable_path/Frameworks",
					"@loader_path/Frameworks",
				);
				MARKETING_VERSION = 1.0;
				PRODUCT_BUNDLE_IDENTIFIER = memo.com.FlashcardsTests;
				PRODUCT_NAME = "$(TARGET_NAME)";
				SWIFT_EMIT_LOC_STRINGS = NO;
				SWIFT_VERSION = 5.0;
				TARGETED_DEVICE_FAMILY = "1,2";
				TEST_HOST = "$(BUILT_PRODUCTS_DIR)/Flashcards.app/Flashcards";
			};
			name = Release;
		};
		994F4B7B28D16EE00092CBA1 /* Debug */ = {
			isa = XCBuildConfiguration;
			buildSettings = {
				ALWAYS_EMBED_SWIFT_STANDARD_LIBRARIES = YES;
				CODE_SIGN_STYLE = Automatic;
				CURRENT_PROJECT_VERSION = 1;
				GENERATE_INFOPLIST_FILE = YES;
				LD_RUNPATH_SEARCH_PATHS = (
					"$(inherited)",
					"@executable_path/Frameworks",
					"@loader_path/Frameworks",
				);
				MARKETING_VERSION = 1.0;
				PRODUCT_BUNDLE_IDENTIFIER = memo.com.FlashcardsUITests;
				PRODUCT_NAME = "$(TARGET_NAME)";
				SWIFT_EMIT_LOC_STRINGS = NO;
				SWIFT_VERSION = 5.0;
				TARGETED_DEVICE_FAMILY = "1,2";
				TEST_TARGET_NAME = Flashcards;
			};
			name = Debug;
		};
		994F4B7C28D16EE00092CBA1 /* Release */ = {
			isa = XCBuildConfiguration;
			buildSettings = {
				ALWAYS_EMBED_SWIFT_STANDARD_LIBRARIES = YES;
				CODE_SIGN_STYLE = Automatic;
				CURRENT_PROJECT_VERSION = 1;
				GENERATE_INFOPLIST_FILE = YES;
				LD_RUNPATH_SEARCH_PATHS = (
					"$(inherited)",
					"@executable_path/Frameworks",
					"@loader_path/Frameworks",
				);
				MARKETING_VERSION = 1.0;
				PRODUCT_BUNDLE_IDENTIFIER = memo.com.FlashcardsUITests;
				PRODUCT_NAME = "$(TARGET_NAME)";
				SWIFT_EMIT_LOC_STRINGS = NO;
				SWIFT_VERSION = 5.0;
				TARGETED_DEVICE_FAMILY = "1,2";
				TEST_TARGET_NAME = Flashcards;
			};
			name = Release;
		};
/* End XCBuildConfiguration section */

/* Begin XCConfigurationList section */
		994F4B4728D16EDF0092CBA1 /* Build configuration list for PBXProject "Flashcards" */ = {
			isa = XCConfigurationList;
			buildConfigurations = (
				994F4B7228D16EE00092CBA1 /* Debug */,
				994F4B7328D16EE00092CBA1 /* Release */,
			);
			defaultConfigurationIsVisible = 0;
			defaultConfigurationName = Release;
		};
		994F4B7428D16EE00092CBA1 /* Build configuration list for PBXNativeTarget "Flashcards" */ = {
			isa = XCConfigurationList;
			buildConfigurations = (
				994F4B7528D16EE00092CBA1 /* Debug */,
				994F4B7628D16EE00092CBA1 /* Release */,
			);
			defaultConfigurationIsVisible = 0;
			defaultConfigurationName = Release;
		};
		994F4B7728D16EE00092CBA1 /* Build configuration list for PBXNativeTarget "FlashcardsTests" */ = {
			isa = XCConfigurationList;
			buildConfigurations = (
				994F4B7828D16EE00092CBA1 /* Debug */,
				994F4B7928D16EE00092CBA1 /* Release */,
			);
			defaultConfigurationIsVisible = 0;
			defaultConfigurationName = Release;
		};
		994F4B7A28D16EE00092CBA1 /* Build configuration list for PBXNativeTarget "FlashcardsUITests" */ = {
			isa = XCConfigurationList;
			buildConfigurations = (
				994F4B7B28D16EE00092CBA1 /* Debug */,
				994F4B7C28D16EE00092CBA1 /* Release */,
			);
			defaultConfigurationIsVisible = 0;
			defaultConfigurationName = Release;
		};
/* End XCConfigurationList section */
	};
	rootObject = 994F4B4428D16EDF0092CBA1 /* Project object */;
}
